<?xml version="1.0" encoding="utf-8"?>
<Project ToolsVersion="4.0" xmlns="http://schemas.microsoft.com/developer/msbuild/2003">
  <ItemGroup>
    <Filter Include="Source">
      <UniqueIdentifier>{46fbab7a-9497-411a-8042-6ccc101bfb20}</UniqueIdentifier>
    </Filter>
    <Filter Include="Source\Amiga">
      <UniqueIdentifier>{2828e52a-a2fb-4a12-9740-38c46718b133}</UniqueIdentifier>
    </Filter>
    <Filter Include="Source\PC">
      <UniqueIdentifier>{dacbcc4e-e2ff-4c41-a759-8e3deffe95a0}</UniqueIdentifier>
    </Filter>
    <Filter Include="Source\Utils">
      <UniqueIdentifier>{d4573b8f-ce37-4999-9e66-f06154aad614}</UniqueIdentifier>
    </Filter>
    <Filter Include="Source\Structures">
      <UniqueIdentifier>{5c64d2e5-eaa0-44f1-ad36-b2c67625baf6}</UniqueIdentifier>
    </Filter>
    <Filter Include="Source\Map">
      <UniqueIdentifier>{53095f20-80bc-4b7b-a896-cfc3e7f0b34e}</UniqueIdentifier>
    </Filter>
    <Filter Include="Source\Utils\dukglue">
      <UniqueIdentifier>{bc8f0a7c-11c4-4c1c-bc1c-edd49e424cdc}</UniqueIdentifier>
    </Filter>
  </ItemGroup>
  <ItemGroup>
    <ClInclude Include="..\..\Source\stdafx.hpp">
      <Filter>Source</Filter>
    </ClInclude>
    <ClInclude Include="..\..\Source\Window.hpp">
      <Filter>Source</Filter>
    </ClInclude>
    <ClInclude Include="..\..\Source\Fodder.hpp">
      <Filter>Source</Filter>
    </ClInclude>
    <ClInclude Include="..\..\Source\Position.hpp">
      <Filter>Source</Filter>
    </ClInclude>
    <ClInclude Include="..\..\Source\Dimension.hpp">
      <Filter>Source</Filter>
    </ClInclude>
    <ClInclude Include="..\..\Source\Event.hpp">
      <Filter>Source</Filter>
    </ClInclude>
    <ClInclude Include="..\..\Source\Resources.hpp">
      <Filter>Source</Filter>
    </ClInclude>
    <ClInclude Include="..\..\Source\Types.hpp">
      <Filter>Source</Filter>
    </ClInclude>
    <ClInclude Include="..\..\Source\Surface.hpp">
      <Filter>Source</Filter>
    </ClInclude>
    <ClInclude Include="..\..\Source\Sprites.hpp">
      <Filter>Source</Filter>
    </ClInclude>
    <ClInclude Include="..\..\Source\Graphics.hpp">
      <Filter>Source</Filter>
    </ClInclude>
    <ClInclude Include="..\..\Source\Amiga\Graphics_Amiga.hpp">
      <Filter>Source\Amiga</Filter>
    </ClInclude>
    <ClInclude Include="..\..\Source\PC\Graphics_PC.hpp">
      <Filter>Source\PC</Filter>
    </ClInclude>
    <ClInclude Include="..\..\Source\Versions.hpp">
      <Filter>Source</Filter>
    </ClInclude>
    <ClInclude Include="..\..\Source\Recruits.hpp">
      <Filter>Source</Filter>
    </ClInclude>
    <ClInclude Include="..\..\Source\PC\Resource_PC_CD.hpp">
      <Filter>Source\PC</Filter>
    </ClInclude>
    <ClInclude Include="..\..\Source\Amiga\dernc.hpp">
      <Filter>Source\Amiga</Filter>
    </ClInclude>
    <ClInclude Include="..\..\Source\Amiga\Resource_Amiga_File.hpp">
      <Filter>Source\Amiga</Filter>
    </ClInclude>
    <ClInclude Include="..\..\Source\PC\SpriteData_PC.hpp">
      <Filter>Source\PC</Filter>
    </ClInclude>
    <ClInclude Include="..\..\Source\Amiga\SpriteData_Amiga.hpp">
      <Filter>Source\Amiga</Filter>
    </ClInclude>
    <ClInclude Include="..\..\Source\IntroData.hpp">
      <Filter>Source</Filter>
    </ClInclude>
    <ClInclude Include="..\..\Source\GUI_Element.hpp">
      <Filter>Source</Filter>
    </ClInclude>
    <ClInclude Include="..\..\Source\Amiga\audiostream.hpp">
      <Filter>Source\Amiga</Filter>
    </ClInclude>
    <ClInclude Include="..\..\Source\Amiga\paula.hpp">
      <Filter>Source\Amiga</Filter>
    </ClInclude>
    <ClInclude Include="..\..\Source\Amiga\rjp1.hpp">
      <Filter>Source\Amiga</Filter>
    </ClInclude>
    <ClInclude Include="..\..\Source\Amiga\Sound_Amiga.hpp">
      <Filter>Source\Amiga</Filter>
    </ClInclude>
    <ClInclude Include="..\..\Source\PC\Sound_PC.hpp">
      <Filter>Source\PC</Filter>
    </ClInclude>
    <ClInclude Include="..\..\Source\Sound.hpp">
      <Filter>Source</Filter>
    </ClInclude>
    <ClInclude Include="..\..\Source\FontData.hpp">
      <Filter>Source</Filter>
    </ClInclude>
    <ClInclude Include="..\..\Source\PC\VocTable.hpp">
      <Filter>Source\PC</Filter>
    </ClInclude>
    <ClInclude Include="..\..\Source\PC\Sound_PC2.hpp">
      <Filter>Source\PC</Filter>
    </ClInclude>
    <ClInclude Include="..\..\Source\Tiles.hpp">
      <Filter>Source</Filter>
    </ClInclude>
    <ClInclude Include="..\..\Source\CopyProtection.hpp">
      <Filter>Source</Filter>
    </ClInclude>
    <ClInclude Include="..\..\Source\Utils\json.hpp">
      <Filter>Source\Utils</Filter>
    </ClInclude>
    <ClInclude Include="..\..\Source\SpriteSheet.hpp">
      <Filter>Source</Filter>
    </ClInclude>
    <ClInclude Include="..\..\Source\Campaign.hpp">
      <Filter>Source</Filter>
    </ClInclude>
    <ClInclude Include="..\..\Source\Structures\Barracks.hpp">
      <Filter>Source\Structures</Filter>
    </ClInclude>
    <ClInclude Include="..\..\Source\Utils\diamondsquare.hpp">
      <Filter>Source\Utils</Filter>
    </ClInclude>
    <ClInclude Include="..\..\Source\GameData.hpp">
      <Filter>Source</Filter>
    </ClInclude>
    <ClInclude Include="..\..\Source\Utils\cxxopts.hpp">
      <Filter>Source\Utils</Filter>
    </ClInclude>
    <ClInclude Include="..\..\Source\Amiga\Graphics_Amiga2.hpp">
      <Filter>Source\Amiga</Filter>
    </ClInclude>
    <ClInclude Include="..\..\Source\Versions_Files.hpp">
      <Filter>Source</Filter>
    </ClInclude>
    <ClInclude Include="..\..\Source\Debugger.hpp">
      <Filter>Source</Filter>
    </ClInclude>
    <ClInclude Include="..\..\Source\UnitTesting.hpp">
      <Filter>Source</Filter>
    </ClInclude>
    <ClInclude Include="..\..\Source\About.hpp">
      <Filter>Source</Filter>
    </ClInclude>
    <ClInclude Include="..\resource.h" />
    <ClInclude Include="..\..\Source\Utils\md5.hpp">
      <Filter>Source\Utils</Filter>
    </ClInclude>
    <ClInclude Include="..\..\Source\ResourceMan.hpp">
      <Filter>Source</Filter>
    </ClInclude>
    <ClInclude Include="..\..\Source\Version.hpp">
      <Filter>Source</Filter>
    </ClInclude>
    <ClInclude Include="..\..\Source\Utils\ini.hpp">
      <Filter>Source\Utils</Filter>
    </ClInclude>
    <ClInclude Include="..\..\Source\Utils\SimplexNoise.hpp">
      <Filter>Source\Utils</Filter>
    </ClInclude>
    <ClInclude Include="..\..\Source\Utils\pseudorand.hpp">
      <Filter>Source\Utils</Filter>
    </ClInclude>
    <ClInclude Include="..\..\Source\Parameters.hpp">
      <Filter>Source</Filter>
    </ClInclude>
    <ClInclude Include="..\..\Source\Map\Map.hpp">
      <Filter>Source\Map</Filter>
    </ClInclude>
    <ClInclude Include="..\..\Source\Map\Original.hpp">
      <Filter>Source\Map</Filter>
    </ClInclude>
    <ClInclude Include="..\..\Source\Map\Random.hpp">
      <Filter>Source\Map</Filter>
    </ClInclude>
    <ClInclude Include="..\..\Source\Utils\duk_config.h">
      <Filter>Source\Utils</Filter>
    </ClInclude>
    <ClInclude Include="..\..\Source\Utils\duktape.h">
      <Filter>Source\Utils</Filter>
    </ClInclude>
    <ClInclude Include="..\..\Source\Utils\dukglue\detail_class_proto.h">
      <Filter>Source\Utils\dukglue</Filter>
    </ClInclude>
    <ClInclude Include="..\..\Source\Utils\dukglue\detail_constructor.h">
      <Filter>Source\Utils\dukglue</Filter>
    </ClInclude>
    <ClInclude Include="..\..\Source\Utils\dukglue\detail_function.h">
      <Filter>Source\Utils\dukglue</Filter>
    </ClInclude>
    <ClInclude Include="..\..\Source\Utils\dukglue\detail_method.h">
      <Filter>Source\Utils\dukglue</Filter>
    </ClInclude>
    <ClInclude Include="..\..\Source\Utils\dukglue\detail_primitive_types.h">
      <Filter>Source\Utils\dukglue</Filter>
    </ClInclude>
    <ClInclude Include="..\..\Source\Utils\dukglue\detail_refs.h">
      <Filter>Source\Utils\dukglue</Filter>
    </ClInclude>
    <ClInclude Include="..\..\Source\Utils\dukglue\detail_stack.h">
      <Filter>Source\Utils\dukglue</Filter>
    </ClInclude>
    <ClInclude Include="..\..\Source\Utils\dukglue\detail_traits.h">
      <Filter>Source\Utils\dukglue</Filter>
    </ClInclude>
    <ClInclude Include="..\..\Source\Utils\dukglue\detail_typeinfo.h">
      <Filter>Source\Utils\dukglue</Filter>
    </ClInclude>
    <ClInclude Include="..\..\Source\Utils\dukglue\detail_types.h">
      <Filter>Source\Utils\dukglue</Filter>
    </ClInclude>
    <ClInclude Include="..\..\Source\Utils\dukglue\dukexception.h">
      <Filter>Source\Utils\dukglue</Filter>
    </ClInclude>
    <ClInclude Include="..\..\Source\Utils\dukglue\dukglue.h">
      <Filter>Source\Utils\dukglue</Filter>
    </ClInclude>
    <ClInclude Include="..\..\Source\Utils\dukglue\dukvalue.h">
      <Filter>Source\Utils\dukglue</Filter>
    </ClInclude>
    <ClInclude Include="..\..\Source\Utils\dukglue\public_util.h">
      <Filter>Source\Utils\dukglue</Filter>
    </ClInclude>
    <ClInclude Include="..\..\Source\Utils\dukglue\register_class.h">
      <Filter>Source\Utils\dukglue</Filter>
    </ClInclude>
    <ClInclude Include="..\..\Source\Utils\dukglue\register_function.h">
      <Filter>Source\Utils\dukglue</Filter>
    </ClInclude>
    <ClInclude Include="..\..\Source\Utils\dukglue\register_property.h">
      <Filter>Source\Utils\dukglue</Filter>
    </ClInclude>
    <ClInclude Include="..\..\Source\ScriptingEngine.hpp">
      <Filter>Source</Filter>
    </ClInclude>
    <ClInclude Include="..\..\Source\Utils\SimplexIslands.hpp">
      <Filter>Source\Utils</Filter>
    </ClInclude>
    <ClInclude Include="..\..\Source\Utils\micropather.h">
      <Filter>Source\Utils</Filter>
    </ClInclude>
    <ClInclude Include="..\..\Source\Utils\duk_trans_socket.h">
      <Filter>Source\Utils</Filter>
    </ClInclude>
  </ItemGroup>
  <ItemGroup>
    <ClCompile Include="..\..\Source\stdafx.cpp">
      <Filter>Source</Filter>
    </ClCompile>
    <ClCompile Include="..\..\Source\Window.cpp">
      <Filter>Source</Filter>
    </ClCompile>
    <ClCompile Include="..\..\Source\Fodder.cpp">
      <Filter>Source</Filter>
    </ClCompile>
    <ClCompile Include="..\..\Source\Event.cpp">
      <Filter>Source</Filter>
    </ClCompile>
    <ClCompile Include="..\..\Source\Resources.cpp">
      <Filter>Source</Filter>
    </ClCompile>
    <ClCompile Include="..\..\Source\Surface.cpp">
      <Filter>Source</Filter>
    </ClCompile>
    <ClCompile Include="..\..\Source\PC\Graphics_PC.cpp">
      <Filter>Source\PC</Filter>
    </ClCompile>
    <ClCompile Include="..\..\Source\Amiga\Graphics_Amiga.cpp">
      <Filter>Source\Amiga</Filter>
    </ClCompile>
    <ClCompile Include="..\..\Source\Graphics.cpp">
      <Filter>Source</Filter>
    </ClCompile>
    <ClCompile Include="..\..\Source\Recruits.cpp">
      <Filter>Source</Filter>
    </ClCompile>
    <ClCompile Include="..\..\Source\Versions.cpp">
      <Filter>Source</Filter>
    </ClCompile>
    <ClCompile Include="..\..\Source\Amiga\dernc.cpp">
      <Filter>Source\Amiga</Filter>
    </ClCompile>
    <ClCompile Include="..\..\Source\Amiga\Resource_Amiga_File.cpp">
      <Filter>Source\Amiga</Filter>
    </ClCompile>
    <ClCompile Include="..\..\Source\PC\IntroData_PC.cpp">
      <Filter>Source\PC</Filter>
    </ClCompile>
    <ClCompile Include="..\..\Source\Amiga\IntroData_Amiga.cpp">
      <Filter>Source\Amiga</Filter>
    </ClCompile>
    <ClCompile Include="..\..\Source\GUI_Element.cpp">
      <Filter>Source</Filter>
    </ClCompile>
    <ClCompile Include="..\..\Source\Amiga\paula.cpp">
      <Filter>Source\Amiga</Filter>
    </ClCompile>
    <ClCompile Include="..\..\Source\Amiga\rjp1.cpp">
      <Filter>Source\Amiga</Filter>
    </ClCompile>
    <ClCompile Include="..\..\Source\PC\Resource_PC_CD.cpp">
      <Filter>Source\PC</Filter>
    </ClCompile>
    <ClCompile Include="..\..\Source\Amiga\Sound_Amiga.cpp">
      <Filter>Source\Amiga</Filter>
    </ClCompile>
    <ClCompile Include="..\..\Source\PC\Sound_PC.cpp">
      <Filter>Source\PC</Filter>
    </ClCompile>
    <ClCompile Include="..\..\Source\Sound.cpp">
      <Filter>Source</Filter>
    </ClCompile>
    <ClCompile Include="..\..\Source\FontData.cpp">
      <Filter>Source</Filter>
    </ClCompile>
    <ClCompile Include="..\..\Source\Sprites.cpp">
      <Filter>Source</Filter>
    </ClCompile>
    <ClCompile Include="..\..\Source\PC\Sound_PC2.cpp">
      <Filter>Source\PC</Filter>
    </ClCompile>
    <ClCompile Include="..\..\Source\Tiles.cpp">
      <Filter>Source</Filter>
    </ClCompile>
    <ClCompile Include="..\..\Source\CopyProtection.cpp">
      <Filter>Source</Filter>
    </ClCompile>
    <ClCompile Include="..\..\Source\SpriteSheet.cpp">
      <Filter>Source</Filter>
    </ClCompile>
    <ClCompile Include="..\..\Source\Campaign.cpp">
      <Filter>Source</Filter>
    </ClCompile>
    <ClCompile Include="..\..\Source\Structures\Barracks.cpp">
      <Filter>Source\Structures</Filter>
    </ClCompile>
    <ClCompile Include="..\..\Source\GameData.cpp">
      <Filter>Source</Filter>
    </ClCompile>
    <ClCompile Include="..\..\Source\Amiga\Graphics_Amiga2.cpp">
      <Filter>Source\Amiga</Filter>
    </ClCompile>
    <ClCompile Include="..\..\Source\Debugger.cpp">
      <Filter>Source</Filter>
    </ClCompile>
    <ClCompile Include="..\..\Source\UnitTesting.cpp">
      <Filter>Source</Filter>
    </ClCompile>
    <ClCompile Include="..\..\Source\About.cpp">
      <Filter>Source</Filter>
    </ClCompile>
    <ClCompile Include="..\..\Source\Utils\md5.cpp">
      <Filter>Source\Utils</Filter>
    </ClCompile>
    <ClCompile Include="..\..\Source\ResourceMan.cpp">
      <Filter>Source</Filter>
    </ClCompile>
    <ClCompile Include="..\..\Source\Utils\SimplexNoise.cpp">
      <Filter>Source\Utils</Filter>
    </ClCompile>
    <ClCompile Include="..\..\Source\Parameters.cpp">
      <Filter>Source</Filter>
    </ClCompile>
    <ClCompile Include="..\..\Source\Start.cpp">
      <Filter>Source</Filter>
    </ClCompile>
    <ClCompile Include="..\..\Source\Start_Emscripten.cpp">
      <Filter>Source</Filter>
    </ClCompile>
    <ClCompile Include="..\..\Source\Map\Original.cpp">
      <Filter>Source\Map</Filter>
    </ClCompile>
    <ClCompile Include="..\..\Source\Map\Map.cpp">
      <Filter>Source\Map</Filter>
    </ClCompile>
    <ClCompile Include="..\..\Source\Map\Random.cpp">
      <Filter>Source\Map</Filter>
    </ClCompile>
    <ClCompile Include="..\..\Source\MapData.cpp">
      <Filter>Source</Filter>
    </ClCompile>
    <ClCompile Include="..\..\Source\Utils\duktape.cpp">
      <Filter>Source\Utils</Filter>
    </ClCompile>
    <ClCompile Include="..\..\Source\ScriptingEngine.cpp">
      <Filter>Source</Filter>
    </ClCompile>
    <ClCompile Include="..\..\Source\Utils\SimplexIslands.cpp">
      <Filter>Source\Utils</Filter>
    </ClCompile>
    <ClCompile Include="..\..\Source\Utils\micropather.cpp">
      <Filter>Source\Utils</Filter>
    </ClCompile>
    <ClCompile Include="..\..\Source\Utils\duk_trans_socket_windows.cpp">
      <Filter>Source\Utils</Filter>
    </ClCompile>
  </ItemGroup>
  <ItemGroup>
    <Image Include="..\openfodder.ico" />
  </ItemGroup>
  <ItemGroup>
    <None Include="packages.config" />
  </ItemGroup>
  <ItemGroup>
    <ResourceCompile Include="..\OpenFodder.rc" />
  </ItemGroup>
</Project>