<?xml version="1.0" encoding="utf-8"?>
<Project ToolsVersion="4.0" xmlns="http://schemas.microsoft.com/developer/msbuild/2003">
  <ItemGroup>
    <Filter Include="Source">
      <UniqueIdentifier>{46fbab7a-9497-411a-8042-6ccc101bfb20}</UniqueIdentifier>
    </Filter>
    <Filter Include="Source\Amiga">
      <UniqueIdentifier>{2828e52a-a2fb-4a12-9740-38c46718b133}</UniqueIdentifier>
    </Filter>
    <Filter Include="Source\PC">
      <UniqueIdentifier>{dacbcc4e-e2ff-4c41-a759-8e3deffe95a0}</UniqueIdentifier>
    </Filter>
  </ItemGroup>
  <ItemGroup>
    <ClInclude Include="..\..\Source\stdafx.hpp">
      <Filter>Source</Filter>
    </ClInclude>
    <ClInclude Include="..\..\Source\Window.hpp">
      <Filter>Source</Filter>
    </ClInclude>
    <ClInclude Include="..\..\Source\Singleton.hpp">
      <Filter>Source</Filter>
    </ClInclude>
    <ClInclude Include="..\..\Source\Fodder.hpp">
      <Filter>Source</Filter>
    </ClInclude>
    <ClInclude Include="..\..\Source\Position.hpp">
      <Filter>Source</Filter>
    </ClInclude>
    <ClInclude Include="..\..\Source\Dimension.hpp">
      <Filter>Source</Filter>
    </ClInclude>
    <ClInclude Include="..\..\Source\Event.hpp">
      <Filter>Source</Filter>
    </ClInclude>
    <ClInclude Include="..\..\Source\Resources.hpp">
      <Filter>Source</Filter>
    </ClInclude>
    <ClInclude Include="..\..\Source\Types.hpp">
      <Filter>Source</Filter>
    </ClInclude>
    <ClInclude Include="..\..\Source\Surface.hpp">
      <Filter>Source</Filter>
    </ClInclude>
    <ClInclude Include="..\..\Source\IntroData.hpp">
      <Filter>Source</Filter>
    </ClInclude>
    <ClInclude Include="..\..\Source\UnknownData.hpp">
      <Filter>Source</Filter>
    </ClInclude>
    <ClInclude Include="..\..\Source\MissionNames.hpp">
      <Filter>Source</Filter>
    </ClInclude>
    <ClInclude Include="..\..\Source\Sprites.hpp">
      <Filter>Source</Filter>
    </ClInclude>
    <ClInclude Include="..\..\Source\VocTable.hpp">
      <Filter>Source</Filter>
    </ClInclude>
    <ClInclude Include="..\..\Source\Graphics.hpp">
      <Filter>Source</Filter>
    </ClInclude>
    <ClInclude Include="..\..\Source\Amiga\Graphics_Amiga.hpp">
      <Filter>Source\Amiga</Filter>
    </ClInclude>
    <ClInclude Include="..\..\Source\PC\Graphics_PC.hpp">
      <Filter>Source\PC</Filter>
    </ClInclude>
    <ClInclude Include="..\..\Source\Versions.hpp">
      <Filter>Source</Filter>
    </ClInclude>
    <ClInclude Include="..\..\Source\Amiga\SpriteData_Amiga.hpp">
      <Filter>Source\Amiga</Filter>
    </ClInclude>
    <ClInclude Include="..\..\Source\PC\SpriteData_PC.hpp">
      <Filter>Source\PC</Filter>
    </ClInclude>
    <ClInclude Include="..\..\Source\Recruits.hpp">
      <Filter>Source</Filter>
    </ClInclude>
    <ClInclude Include="..\..\Source\md5.hpp">
      <Filter>Source</Filter>
    </ClInclude>
    <ClInclude Include="..\..\Source\PC\Resource_PC_CD.hpp">
      <Filter>Source\PC</Filter>
    </ClInclude>
  </ItemGroup>
  <ItemGroup>
    <ClCompile Include="..\..\Source\stdafx.cpp">
      <Filter>Source</Filter>
    </ClCompile>
    <ClCompile Include="..\..\Source\Window.cpp">
      <Filter>Source</Filter>
    </ClCompile>
    <ClCompile Include="..\..\Source\Fodder.cpp">
      <Filter>Source</Filter>
    </ClCompile>
    <ClCompile Include="..\..\Source\Event.cpp">
      <Filter>Source</Filter>
    </ClCompile>
    <ClCompile Include="..\..\Source\Resources.cpp">
      <Filter>Source</Filter>
    </ClCompile>
    <ClCompile Include="..\..\Source\Surface.cpp">
      <Filter>Source</Filter>
    </ClCompile>
    <ClCompile Include="..\..\Source\PC\Graphics_PC.cpp">
      <Filter>Source\PC</Filter>
    </ClCompile>
    <ClCompile Include="..\..\Source\Amiga\Graphics_Amiga.cpp">
      <Filter>Source\Amiga</Filter>
    </ClCompile>
    <ClCompile Include="..\..\Source\Graphics.cpp">
      <Filter>Source</Filter>
    </ClCompile>
    <ClCompile Include="..\..\Source\Recruits.cpp">
      <Filter>Source</Filter>
    </ClCompile>
    <ClCompile Include="..\..\Source\md5.cpp">
      <Filter>Source</Filter>
    </ClCompile>
    <ClCompile Include="..\..\Source\Versions.cpp">
      <Filter>Source</Filter>
    </ClCompile>
    <ClCompile Include="..\..\Source\PC\Resource_PC_CD.cpp">
      <Filter>Source\PC</Filter>
    </ClCompile>
  </ItemGroup>
</Project>